
Microsoft Visual Studio Solution File, Format Version 12.00
# Visual Studio 15
VisualStudioVersion = 15.0.28307.645
MinimumVisualStudioVersion = 10.0.40219.1
Project("{9A19103F-16F7-4668-BE54-9A1E7A4F7556}") = "FutureFinanceTree", "FutureFinanceTree\FutureFinanceTree.csproj", "{0BD60369-7D3D-4947-A3A3-65064B2B01BC}"
EndProject
Project("{FAE04EC0-301F-11D3-BF4B-00C04F79EFBC}") = "FutureFiannceTreeTests", "FutureFiannceTreeTests\FutureFiannceTreeTests.csproj", "{9D56F756-0E20-4E56-878C-967B6758E457}"
EndProject
Project("{FAE04EC0-301F-11D3-BF4B-00C04F79EFBC}") = "FutureFinanceTreeLibrary", "FutureFinanceTreeLibrary\FutureFinanceTreeLibrary.csproj", "{2B1CB8B1-1A25-483A-B0FB-6D22CA1A5F4B}"
EndProject
Global
	GlobalSection(SolutionConfigurationPlatforms) = preSolution
		Debug|Any CPU = Debug|Any CPU
		Release|Any CPU = Release|Any CPU
	EndGlobalSection
	GlobalSection(ProjectConfigurationPlatforms) = postSolution
		{0BD60369-7D3D-4947-A3A3-65064B2B01BC}.Debug|Any CPU.ActiveCfg = Debug|Any CPU
		{0BD60369-7D3D-4947-A3A3-65064B2B01BC}.Debug|Any CPU.Build.0 = Debug|Any CPU
		{0BD60369-7D3D-4947-A3A3-65064B2B01BC}.Release|Any CPU.ActiveCfg = Release|Any CPU
		{0BD60369-7D3D-4947-A3A3-65064B2B01BC}.Release|Any CPU.Build.0 = Release|Any CPU
		{9D56F756-0E20-4E56-878C-967B6758E457}.Debug|Any CPU.ActiveCfg = Debug|Any CPU
		{9D56F756-0E20-4E56-878C-967B6758E457}.Debug|Any CPU.Build.0 = Debug|Any CPU
		{9D56F756-0E20-4E56-878C-967B6758E457}.Release|Any CPU.ActiveCfg = Release|Any CPU
		{9D56F756-0E20-4E56-878C-967B6758E457}.Release|Any CPU.Build.0 = Release|Any CPU
		{2B1CB8B1-1A25-483A-B0FB-6D22CA1A5F4B}.Debug|Any CPU.ActiveCfg = Debug|Any CPU
		{2B1CB8B1-1A25-483A-B0FB-6D22CA1A5F4B}.Debug|Any CPU.Build.0 = Debug|Any CPU
		{2B1CB8B1-1A25-483A-B0FB-6D22CA1A5F4B}.Release|Any CPU.ActiveCfg = Release|Any CPU
		{2B1CB8B1-1A25-483A-B0FB-6D22CA1A5F4B}.Release|Any CPU.Build.0 = Release|Any CPU
	EndGlobalSection
	GlobalSection(SolutionProperties) = preSolution
		HideSolutionNode = FALSE
	EndGlobalSection
	GlobalSection(ExtensibilityGlobals) = postSolution
		SolutionGuid = {6BD9770E-A80E-409F-A427-283146F33C0E}
	EndGlobalSection
EndGlobal
